github.com/benbjohnson/clock v1.3.0 h1:ip6w0uFQkncKQ979AypyG0ER7mqUSBdKLOgAle/AT8A=
github.com/benbjohnson/clock v1.3.0/go.mod h1:J11/hYXuz8f4ySSvYwY0FKfm+ezbsZBKZxNJlLklBHA=
github.com/clbanning/mxj v1.8.4 h1:HuhwZtbyvyOw+3Z1AowPkU87JkJUSv751ELWaiTpj8I=
github.com/clbanning/mxj v1.8.4/go.mod h1:BVjHeAH+rl9rs6f+QIpeRl0tfu10SXn1pUSa5PVGJng=
github.com/davecgh/go-spew v1.1.2-0.20180830191138-d8f796af33cc h1:U9qPSI2PIWSS1VwoXQT9A3Wy9MM3WgvqSxFWenqJduM=
github.com/gofrs/uuid/v5 v5.3.2 h1:2jfO8j3XgSwlz/wHqemAEugfnTlikAYHhnqQ8Xh4fE0=
github.com/google/go-cmp v0.7.0 h1:wk8382ETsv4JYUZwIsn6YpYiWiBsYLSJiTsyBybVuN8=
github.com/google/go-cmp v0.7.0/go.mod h1:pXiqmnSA92OHEEa9HXL2W4E7lf9JzCmGVUdgjX3N/iU=
github.com/jarcoal/httpmock v1.3.1 h1:iUx3whfZWVf3jT01hQTO/Eo5sAYtB2/rqaUuOtpInww=
github.com/jarcoal/httpmock v1.3.1/go.mod h1:3yb8rc4BI7TCBhFY8ng0gjuLKJNquuDNiPaZjnENuYg=
github.com/kkjdaniel/gogeek v1.5.1 h1:dkNkrPuCo3vWnwdzdIRDI/ldIRujWbB6fGOAoj8P3bA=
github.com/kkjdaniel/gogeek v1.5.1/go.mod h1:4TQbOfMLOVIEE6mRgWtuJezt9YxWRwV48iWXzjOZXqY=
github.com/klauspost/compress v1.18.0 h1:c/Cqfb0r+Yi+JtIEq73FWXVkRonBlf0CRNYc8Zttxdo=
github.com/klauspost/compress v1.18.0/go.mod h1:2Pp+KzxcywXVXMr50+X0Q/Lsb43OQHYWRCY2AiWywWQ=
github.com/nats-io/nats.go v1.47.0 h1:YQdADw6J/UfGUd2Oy6tn4Hq6YHxCaJrVKayxxFqYrgM=
github.com/nats-io/nats.go v1.47.0/go.mod h1:iRWIPokVIFbVijxuMQq4y9ttaBTMe0SFdlZfMDd+33g=
github.com/nats-io/nkeys v0.4.11 h1:q44qGV008kYd9W1b1nEBkNzvnWxtRSQ7A8BoqRrcfa0=
github.com/nats-io/nkeys v0.4.11/go.mod h1:szDimtgmfOi9n25JpfIdGw12tZFYXqhGxjhVxsatHVE=
github.com/nats-io/nuid v1.0.1 h1:5iA8DT8V7q8WK2EScv2padNa/rTESc1KdnPw4TC2paw=
github.com/nats-io/nuid v1.0.1/go.mod h1:19wcPz3Ph3q0Jbyiqsd0kePYG7A95tJPxeL+1OSON2c=
github.com/pmezard/go-difflib v1.0.1-0.20181226105442-5d4384ee4fb2 h1:Jamvg5psRIccs7FGNTlIRMkT8wgtp5eCXdBlqhYGL6U=
github.com/stretchr/testify v1.11.1 h1:7s2iGBzp5EwR7/aIZr8ao5+dra3wiQyKjjFuvgVKu7U=
go.jetify.com/typeid/v2 v2.0.0-alpha.3 h1:T6RPx6bNl10lp0JN2Xz/XcgLZWSlVmL58Xqy9cgTCcc=
go.uber.org/atomic v1.7.0 h1:ADUqmZGgLDDfbSL9ZmPxKTybcoEYHgpYfELNoN+7hsw=
go.uber.org/atomic v1.7.0/go.mod h1:fEN4uk6kAWBTFdckzkM89CLk9XfWZrxpCo0nPH17wJc=
go.uber.org/ratelimit v0.3.1 h1:K4qVE+byfv/B3tC+4nYWP7v/6SimcO7HzHekoMNBma0=
go.uber.org/ratelimit v0.3.1/go.mod h1:6euWsTB6U/Nb3X++xEUXA8ciPJvr19Q/0h1+oDcJhRk=
golang.org/x/crypto v0.38.0 h1:jt+WWG8IZlBnVbomuhg2Mdq0+BBQaHbtqHEFEigjUV8=
golang.org/x/sync v0.17.0 h1:l60nONMj9l5drqw6jlhIELNv9I0A4OFgRsG9k2oT9Ug=
golang.org/x/sync v0.17.0/go.mod h1:9KTHXmSnoGruLpwFjVSX0lNNA75CykiMECbovNTZqGI=
golang.org/x/sys v0.36.0 h1:KVRy2GtZBrk1cBYA7MKu5bEZFxQk4NIDV6RLVcC8o0k=
gopkg.in/yaml.v2 v2.4.0 h1:D8xgwECY7CYvx+Y2n4sBz93Jn9JRvxdiyyo8CTfuKaY=
gopkg.in/yaml.v3 v3.0.1 h1:fxVm/GzAzEWqLHuvctI91KS9hhNmmWOoWu0XTYJS7CA=
gopkg.in/yaml.v3 v3.0.1/go.mod h1:K4uyk7z7BCEPqu6E+C64Yfv1cQ7kz7rIZviUmN+EgEM=
